
Microsoft Visual Studio Solution File, Format Version 12.00
# Visual Studio Version 17
VisualStudioVersion = 17.13.35919.96 d17.13
MinimumVisualStudioVersion = 10.0.40219.1
Project("{FAE04EC0-301F-11D3-BF4B-00C04F79EFBC}") = "Lab1_5_Bai2", "Lab1_5_Bai2\Lab1_5_Bai2.csproj", "{1AE83B0F-4505-4860-A6DF-9B0CA35A6C7A}"
EndProject
Global
	GlobalSection(SolutionConfigurationPlatforms) = preSolution
		Debug|Any CPU = Debug|Any CPU
		Release|Any CPU = Release|Any CPU
	EndGlobalSection
	GlobalSection(ProjectConfigurationPlatforms) = postSolution
		{1AE83B0F-4505-4860-A6DF-9B0CA35A6C7A}.Debug|Any CPU.ActiveCfg = Debug|Any CPU
		{1AE83B0F-4505-4860-A6DF-9B0CA35A6C7A}.Debug|Any CPU.Build.0 = Debug|Any CPU
		{1AE83B0F-4505-4860-A6DF-9B0CA35A6C7A}.Release|Any CPU.ActiveCfg = Release|Any CPU
		{1AE83B0F-4505-4860-A6DF-9B0CA35A6C7A}.Release|Any CPU.Build.0 = Release|Any CPU
	EndGlobalSection
	GlobalSection(SolutionProperties) = preSolution
		HideSolutionNode = FALSE
	EndGlobalSection
	GlobalSection(ExtensibilityGlobals) = postSolution
		SolutionGuid = {18CC3187-14C2-4B3D-B1B7-936F13063AFE}
	EndGlobalSection
EndGlobal
